
Microsoft Visual Studio Solution File, Format Version 12.00
# Visual Studio 14
VisualStudioVersion = 14.0.25420.1
MinimumVisualStudioVersion = 10.0.40219.1
Project("{FAE04EC0-301F-11D3-BF4B-00C04F79EFBC}") = "Silvelight2Angular.Silverlight", "Silvelight2Angular.Silverlight\Silvelight2Angular.Silverlight.csproj", "{0EC174F4-C855-46C5-891B-2CF22DA76C1F}"
	ProjectSection(ProjectDependencies) = postProject
		{ABBDCEEA-71C9-4F32-BFE0-9C92AEBC10F0} = {ABBDCEEA-71C9-4F32-BFE0-9C92AEBC10F0}
	EndProjectSection
EndProject
Project("{FAE04EC0-301F-11D3-BF4B-00C04F79EFBC}") = "Silvelight2Angular.Silverlight.Web", "Silvelight2Angular.Silverlight.Web\Silvelight2Angular.Silverlight.Web.csproj", "{3EF99FFB-E71F-4BA5-A53D-4585C0145999}"
EndProject
Project("{FAE04EC0-301F-11D3-BF4B-00C04F79EFBC}") = "Silverlight2Angular.Backend.WCF", "Silverlight2Angular.Backend.WCF\Silverlight2Angular.Backend.WCF.csproj", "{ABBDCEEA-71C9-4F32-BFE0-9C92AEBC10F0}"
EndProject
Project("{FAE04EC0-301F-11D3-BF4B-00C04F79EFBC}") = "Silvelight2Angular.Framework", "Silvelight2Angular.Framework\Silvelight2Angular.Framework.csproj", "{6338D94B-314F-4A60-AB6A-368073AE1134}"
EndProject
Project("{FAE04EC0-301F-11D3-BF4B-00C04F79EFBC}") = "Silverlight2Angular.Backend.MVC", "Silverlight2Angular.Backend.MVC\Silverlight2Angular.Backend.MVC.csproj", "{D07BD65F-E2E8-410F-B0E6-2859939CBD38}"
EndProject
Project("{E24C65DC-7377-472B-9ABA-BC803B73C61A}") = "Silverlight2Angular.Angular", "Silverlight2Angular.Angular\", "{ABB9B1F3-1F00-44DA-9588-CD9F8BD6BDD5}"
	ProjectSection(WebsiteProperties) = preProject
		TargetFrameworkMoniker = ".NETFramework,Version%3Dv4.0"
		Debug.AspNetCompiler.VirtualPath = "/localhost_57795"
		Debug.AspNetCompiler.PhysicalPath = "Silverlight2Angular.Angular\"
		Debug.AspNetCompiler.TargetPath = "PrecompiledWeb\localhost_57795\"
		Debug.AspNetCompiler.Updateable = "true"
		Debug.AspNetCompiler.ForceOverwrite = "true"
		Debug.AspNetCompiler.FixedNames = "false"
		Debug.AspNetCompiler.Debug = "True"
		Release.AspNetCompiler.VirtualPath = "/localhost_57795"
		Release.AspNetCompiler.PhysicalPath = "Silverlight2Angular.Angular\"
		Release.AspNetCompiler.TargetPath = "PrecompiledWeb\localhost_57795\"
		Release.AspNetCompiler.Updateable = "true"
		Release.AspNetCompiler.ForceOverwrite = "true"
		Release.AspNetCompiler.FixedNames = "false"
		Release.AspNetCompiler.Debug = "False"
		VWDPort = "57795"
		SlnRelativePath = "Silverlight2Angular.Angular\"
	EndProjectSection
EndProject
Global
	GlobalSection(SolutionConfigurationPlatforms) = preSolution
		Debug|Any CPU = Debug|Any CPU
		Release|Any CPU = Release|Any CPU
	EndGlobalSection
	GlobalSection(ProjectConfigurationPlatforms) = postSolution
		{0EC174F4-C855-46C5-891B-2CF22DA76C1F}.Debug|Any CPU.ActiveCfg = Debug|Any CPU
		{0EC174F4-C855-46C5-891B-2CF22DA76C1F}.Debug|Any CPU.Build.0 = Debug|Any CPU
		{0EC174F4-C855-46C5-891B-2CF22DA76C1F}.Release|Any CPU.ActiveCfg = Release|Any CPU
		{0EC174F4-C855-46C5-891B-2CF22DA76C1F}.Release|Any CPU.Build.0 = Release|Any CPU
		{3EF99FFB-E71F-4BA5-A53D-4585C0145999}.Debug|Any CPU.ActiveCfg = Debug|Any CPU
		{3EF99FFB-E71F-4BA5-A53D-4585C0145999}.Debug|Any CPU.Build.0 = Debug|Any CPU
		{3EF99FFB-E71F-4BA5-A53D-4585C0145999}.Release|Any CPU.ActiveCfg = Release|Any CPU
		{3EF99FFB-E71F-4BA5-A53D-4585C0145999}.Release|Any CPU.Build.0 = Release|Any CPU
		{ABBDCEEA-71C9-4F32-BFE0-9C92AEBC10F0}.Debug|Any CPU.ActiveCfg = Debug|Any CPU
		{ABBDCEEA-71C9-4F32-BFE0-9C92AEBC10F0}.Debug|Any CPU.Build.0 = Debug|Any CPU
		{ABBDCEEA-71C9-4F32-BFE0-9C92AEBC10F0}.Release|Any CPU.ActiveCfg = Release|Any CPU
		{ABBDCEEA-71C9-4F32-BFE0-9C92AEBC10F0}.Release|Any CPU.Build.0 = Release|Any CPU
		{6338D94B-314F-4A60-AB6A-368073AE1134}.Debug|Any CPU.ActiveCfg = Debug|Any CPU
		{6338D94B-314F-4A60-AB6A-368073AE1134}.Debug|Any CPU.Build.0 = Debug|Any CPU
		{6338D94B-314F-4A60-AB6A-368073AE1134}.Release|Any CPU.ActiveCfg = Release|Any CPU
		{6338D94B-314F-4A60-AB6A-368073AE1134}.Release|Any CPU.Build.0 = Release|Any CPU
		{D07BD65F-E2E8-410F-B0E6-2859939CBD38}.Debug|Any CPU.ActiveCfg = Debug|Any CPU
		{D07BD65F-E2E8-410F-B0E6-2859939CBD38}.Debug|Any CPU.Build.0 = Debug|Any CPU
		{D07BD65F-E2E8-410F-B0E6-2859939CBD38}.Release|Any CPU.ActiveCfg = Release|Any CPU
		{D07BD65F-E2E8-410F-B0E6-2859939CBD38}.Release|Any CPU.Build.0 = Release|Any CPU
		{ABB9B1F3-1F00-44DA-9588-CD9F8BD6BDD5}.Debug|Any CPU.ActiveCfg = Debug|Any CPU
		{ABB9B1F3-1F00-44DA-9588-CD9F8BD6BDD5}.Debug|Any CPU.Build.0 = Debug|Any CPU
		{ABB9B1F3-1F00-44DA-9588-CD9F8BD6BDD5}.Release|Any CPU.ActiveCfg = Debug|Any CPU
		{ABB9B1F3-1F00-44DA-9588-CD9F8BD6BDD5}.Release|Any CPU.Build.0 = Debug|Any CPU
	EndGlobalSection
	GlobalSection(SolutionProperties) = preSolution
		HideSolutionNode = FALSE
	EndGlobalSection
EndGlobal
